
Microsoft Visual Studio Solution File, Format Version 12.00
Project("{FAE04EC0-301F-11D3-BF4B-00C04F79EFBC}") = "CodeBridgeTask", "CodeBridgeTask\CodeBridgeTask.csproj", "{7CF9240C-89A2-4805-87C4-9789AE9516F8}"
EndProject
Project("{FAE04EC0-301F-11D3-BF4B-00C04F79EFBC}") = "CodeBridgeTask.DataAccess", "CodeBridgeTask.DataAccess\CodeBridgeTask.DataAccess.csproj", "{6C2177BE-BB78-4A9F-9FB4-5F9FFFB19062}"
EndProject
Project("{FAE04EC0-301F-11D3-BF4B-00C04F79EFBC}") = "CodeBridgeTask.BusinessLogic", "CodeBridgeTask.BusinessLogic\CodeBridgeTask.BusinessLogic.csproj", "{89BF3517-8E8C-4418-AB44-BAC4E6F07B8B}"
EndProject
Project("{FAE04EC0-301F-11D3-BF4B-00C04F79EFBC}") = "CodeBridgeTask.Tests", "CodeBridgeTask.Tests\CodeBridgeTask.Tests.csproj", "{0EEF61F9-34A0-4663-B150-588857A799F3}"
EndProject
Global
	GlobalSection(SolutionConfigurationPlatforms) = preSolution
		Debug|Any CPU = Debug|Any CPU
		Release|Any CPU = Release|Any CPU
	EndGlobalSection
	GlobalSection(ProjectConfigurationPlatforms) = postSolution
		{7CF9240C-89A2-4805-87C4-9789AE9516F8}.Debug|Any CPU.ActiveCfg = Debug|Any CPU
		{7CF9240C-89A2-4805-87C4-9789AE9516F8}.Debug|Any CPU.Build.0 = Debug|Any CPU
		{7CF9240C-89A2-4805-87C4-9789AE9516F8}.Release|Any CPU.ActiveCfg = Release|Any CPU
		{7CF9240C-89A2-4805-87C4-9789AE9516F8}.Release|Any CPU.Build.0 = Release|Any CPU
		{6C2177BE-BB78-4A9F-9FB4-5F9FFFB19062}.Debug|Any CPU.ActiveCfg = Debug|Any CPU
		{6C2177BE-BB78-4A9F-9FB4-5F9FFFB19062}.Debug|Any CPU.Build.0 = Debug|Any CPU
		{6C2177BE-BB78-4A9F-9FB4-5F9FFFB19062}.Release|Any CPU.ActiveCfg = Release|Any CPU
		{6C2177BE-BB78-4A9F-9FB4-5F9FFFB19062}.Release|Any CPU.Build.0 = Release|Any CPU
		{89BF3517-8E8C-4418-AB44-BAC4E6F07B8B}.Debug|Any CPU.ActiveCfg = Debug|Any CPU
		{89BF3517-8E8C-4418-AB44-BAC4E6F07B8B}.Debug|Any CPU.Build.0 = Debug|Any CPU
		{89BF3517-8E8C-4418-AB44-BAC4E6F07B8B}.Release|Any CPU.ActiveCfg = Release|Any CPU
		{89BF3517-8E8C-4418-AB44-BAC4E6F07B8B}.Release|Any CPU.Build.0 = Release|Any CPU
		{0EEF61F9-34A0-4663-B150-588857A799F3}.Debug|Any CPU.ActiveCfg = Debug|Any CPU
		{0EEF61F9-34A0-4663-B150-588857A799F3}.Debug|Any CPU.Build.0 = Debug|Any CPU
		{0EEF61F9-34A0-4663-B150-588857A799F3}.Release|Any CPU.ActiveCfg = Release|Any CPU
		{0EEF61F9-34A0-4663-B150-588857A799F3}.Release|Any CPU.Build.0 = Release|Any CPU
	EndGlobalSection
EndGlobal
